
Microsoft Visual Studio Solution File, Format Version 11.00
# Visual Studio 2010
Project("{FAE04EC0-301F-11D3-BF4B-00C04F79EFBC}") = "MvcAppExample", "MvcAppExample\MvcAppExample.csproj", "{4F02BDFB-B039-449C-BADA-11FCC4AF0FCA}"
EndProject
Global
	GlobalSection(SolutionConfigurationPlatforms) = preSolution
		Debug|Any CPU = Debug|Any CPU
		Release|Any CPU = Release|Any CPU
	EndGlobalSection
	GlobalSection(ProjectConfigurationPlatforms) = postSolution
		{4F02BDFB-B039-449C-BADA-11FCC4AF0FCA}.Debug|Any CPU.ActiveCfg = Debug|Any CPU
		{4F02BDFB-B039-449C-BADA-11FCC4AF0FCA}.Debug|Any CPU.Build.0 = Debug|Any CPU
		{4F02BDFB-B039-449C-BADA-11FCC4AF0FCA}.Release|Any CPU.ActiveCfg = Release|Any CPU
		{4F02BDFB-B039-449C-BADA-11FCC4AF0FCA}.Release|Any CPU.Build.0 = Release|Any CPU
	EndGlobalSection
	GlobalSection(SolutionProperties) = preSolution
		HideSolutionNode = FALSE
	EndGlobalSection
EndGlobal
